
Microsoft Visual Studio Solution File, Format Version 12.00
# Visual Studio Version 17
VisualStudioVersion = 17.4.33103.184
MinimumVisualStudioVersion = 10.0.40219.1
Project("{FAE04EC0-301F-11D3-BF4B-00C04F79EFBC}") = "employeeManagementAPI", "employeeManagementAPI\employeeManagementAPI.csproj", "{50FD41E5-886A-44BB-835C-CF24F976D2D1}"
EndProject
Global
	GlobalSection(SolutionConfigurationPlatforms) = preSolution
		Debug|Any CPU = Debug|Any CPU
		Release|Any CPU = Release|Any CPU
	EndGlobalSection
	GlobalSection(ProjectConfigurationPlatforms) = postSolution
		{50FD41E5-886A-44BB-835C-CF24F976D2D1}.Debug|Any CPU.ActiveCfg = Debug|Any CPU
		{50FD41E5-886A-44BB-835C-CF24F976D2D1}.Debug|Any CPU.Build.0 = Debug|Any CPU
		{50FD41E5-886A-44BB-835C-CF24F976D2D1}.Release|Any CPU.ActiveCfg = Release|Any CPU
		{50FD41E5-886A-44BB-835C-CF24F976D2D1}.Release|Any CPU.Build.0 = Release|Any CPU
	EndGlobalSection
	GlobalSection(SolutionProperties) = preSolution
		HideSolutionNode = FALSE
	EndGlobalSection
	GlobalSection(ExtensibilityGlobals) = postSolution
		SolutionGuid = {530A8094-EF03-4A03-8C96-1ECB95B40A0C}
	EndGlobalSection
EndGlobal
