
Microsoft Visual Studio Solution File, Format Version 12.00
# Visual Studio Version 17
VisualStudioVersion = 17.4.33103.184
MinimumVisualStudioVersion = 10.0.40219.1
Project("{FAE04EC0-301F-11D3-BF4B-00C04F79EFBC}") = "technologyAPI", "technologyAPI\technologyAPI.csproj", "{B9C90A20-149C-482A-A803-47B1D3DA16CB}"
EndProject
Global
	GlobalSection(SolutionConfigurationPlatforms) = preSolution
		Debug|Any CPU = Debug|Any CPU
		Release|Any CPU = Release|Any CPU
	EndGlobalSection
	GlobalSection(ProjectConfigurationPlatforms) = postSolution
		{B9C90A20-149C-482A-A803-47B1D3DA16CB}.Debug|Any CPU.ActiveCfg = Debug|Any CPU
		{B9C90A20-149C-482A-A803-47B1D3DA16CB}.Debug|Any CPU.Build.0 = Debug|Any CPU
		{B9C90A20-149C-482A-A803-47B1D3DA16CB}.Release|Any CPU.ActiveCfg = Release|Any CPU
		{B9C90A20-149C-482A-A803-47B1D3DA16CB}.Release|Any CPU.Build.0 = Release|Any CPU
	EndGlobalSection
	GlobalSection(SolutionProperties) = preSolution
		HideSolutionNode = FALSE
	EndGlobalSection
	GlobalSection(ExtensibilityGlobals) = postSolution
		SolutionGuid = {442D2E0E-0C33-44D9-B361-BB5C1BB8F244}
	EndGlobalSection
EndGlobal
